
Microsoft Visual Studio Solution File, Format Version 12.00
# Visual Studio Version 16
VisualStudioVersion = 16.0.30621.155
MinimumVisualStudioVersion = 10.0.40219.1
Project("{8BC9CEB8-8B4A-11D0-8D11-00A0C91BC942}") = "BookingZoo", "BookingZoo.vcxproj", "{33DB1D7B-F3F0-4F2F-8F13-3050458188E0}"
EndProject
Global
	GlobalSection(SolutionConfigurationPlatforms) = preSolution
		Debug|x64 = Debug|x64
		Debug|x86 = Debug|x86
		Release|x64 = Release|x64
		Release|x86 = Release|x86
	EndGlobalSection
	GlobalSection(ProjectConfigurationPlatforms) = postSolution
		{33DB1D7B-F3F0-4F2F-8F13-3050458188E0}.Debug|x64.ActiveCfg = Debug|x64
		{33DB1D7B-F3F0-4F2F-8F13-3050458188E0}.Debug|x64.Build.0 = Debug|x64
		{33DB1D7B-F3F0-4F2F-8F13-3050458188E0}.Debug|x86.ActiveCfg = Debug|Win32
		{33DB1D7B-F3F0-4F2F-8F13-3050458188E0}.Debug|x86.Build.0 = Debug|Win32
		{33DB1D7B-F3F0-4F2F-8F13-3050458188E0}.Release|x64.ActiveCfg = Release|x64
		{33DB1D7B-F3F0-4F2F-8F13-3050458188E0}.Release|x64.Build.0 = Release|x64
		{33DB1D7B-F3F0-4F2F-8F13-3050458188E0}.Release|x86.ActiveCfg = Release|Win32
		{33DB1D7B-F3F0-4F2F-8F13-3050458188E0}.Release|x86.Build.0 = Release|Win32
	EndGlobalSection
	GlobalSection(SolutionProperties) = preSolution
		HideSolutionNode = FALSE
	EndGlobalSection
	GlobalSection(ExtensibilityGlobals) = postSolution
		SolutionGuid = {B991C200-E14D-46E7-B206-35440C19BF69}
	EndGlobalSection
EndGlobal
